// !$*UTF8*$!
{
	archiveVersion = 1;
	classes = {
	};
	objectVersion = 56;
	objects = {

/* Begin PBXBuildFile section */
		5FE9EC0612ABC6E4D7F3D5BF /* Pods_VoioTests.framework in Frameworks */ = {isa = PBXBuildFile; fileRef = 92045854129E7F6374BC731B /* Pods_VoioTests.framework */; };
		6ED6A376E718F2F8DB315D1C /* Pods_Voio_VoioUITests.framework in Frameworks */ = {isa = PBXBuildFile; fileRef = DC803078BC7EE827B4B219AD /* Pods_Voio_VoioUITests.framework */; };
		C8AF088EFDC07735EA4B2D15 /* Pods_Voio.framework in Frameworks */ = {isa = PBXBuildFile; fileRef = 6D138691600E0A049AACCF7D /* Pods_Voio.framework */; };
		F2AE955529E1948500C1636D /* DetailsViewController.swift in Sources */ = {isa = PBXBuildFile; fileRef = F2AE955329E1948500C1636D /* DetailsViewController.swift */; };
		F2AE955929E1A76600C1636D /* FavoriteViewController.swift in Sources */ = {isa = PBXBuildFile; fileRef = F2AE955829E1A76600C1636D /* FavoriteViewController.swift */; };
		F2AE955F29E1A7F000C1636D /* FavoriteViewCell.swift in Sources */ = {isa = PBXBuildFile; fileRef = F2AE955E29E1A7F000C1636D /* FavoriteViewCell.swift */; };
		F2AE956129E1A85600C1636D /* UILabelExtension.swift in Sources */ = {isa = PBXBuildFile; fileRef = F2AE956029E1A85600C1636D /* UILabelExtension.swift */; };
		F2AE956329E1AA2400C1636D /* FavoriteTableViewCell.swift in Sources */ = {isa = PBXBuildFile; fileRef = F2AE956229E1AA2400C1636D /* FavoriteTableViewCell.swift */; };
		F2AE956529E1ABD700C1636D /* MovieObject.swift in Sources */ = {isa = PBXBuildFile; fileRef = F2AE956429E1ABD700C1636D /* MovieObject.swift */; };
		F2AE956A29E1DA6100C1636D /* Lottie in Frameworks */ = {isa = PBXBuildFile; productRef = F2AE956929E1DA6100C1636D /* Lottie */; };
		F2AE956C29E1DD8200C1636D /* favorites.json in Resources */ = {isa = PBXBuildFile; fileRef = F2AE956B29E1DD8200C1636D /* favorites.json */; };
		F2D4DE8B29E2C24B006ECCBA /* DetailsPresenter.swift in Sources */ = {isa = PBXBuildFile; fileRef = F2D4DE8A29E2C24B006ECCBA /* DetailsPresenter.swift */; };
		F2D4DE8D29E2C28C006ECCBA /* DetailsPresenterImplementation.swift in Sources */ = {isa = PBXBuildFile; fileRef = F2D4DE8C29E2C28C006ECCBA /* DetailsPresenterImplementation.swift */; };
		F2D4DE8F29E2C2A9006ECCBA /* DetailsMovieService.swift in Sources */ = {isa = PBXBuildFile; fileRef = F2D4DE8E29E2C2A9006ECCBA /* DetailsMovieService.swift */; };
		F2EF706929E0593E003B5995 /* AppDelegate.swift in Sources */ = {isa = PBXBuildFile; fileRef = F2EF706829E0593E003B5995 /* AppDelegate.swift */; };
		F2EF706B29E0593E003B5995 /* SceneDelegate.swift in Sources */ = {isa = PBXBuildFile; fileRef = F2EF706A29E0593E003B5995 /* SceneDelegate.swift */; };
		F2EF706D29E0593E003B5995 /* AuthViewController.swift in Sources */ = {isa = PBXBuildFile; fileRef = F2EF706C29E0593E003B5995 /* AuthViewController.swift */; };
		F2EF707229E05940003B5995 /* Assets.xcassets in Resources */ = {isa = PBXBuildFile; fileRef = F2EF707129E05940003B5995 /* Assets.xcassets */; };
		F2EF707529E05940003B5995 /* LaunchScreen.storyboard in Resources */ = {isa = PBXBuildFile; fileRef = F2EF707329E05940003B5995 /* LaunchScreen.storyboard */; };
		F2EF708029E05940003B5995 /* VoioTests.swift in Sources */ = {isa = PBXBuildFile; fileRef = F2EF707F29E05940003B5995 /* VoioTests.swift */; };
		F2EF708A29E05940003B5995 /* VoioUITests.swift in Sources */ = {isa = PBXBuildFile; fileRef = F2EF708929E05940003B5995 /* VoioUITests.swift */; };
		F2EF708C29E05940003B5995 /* VoioUITestsLaunchTests.swift in Sources */ = {isa = PBXBuildFile; fileRef = F2EF708B29E05940003B5995 /* VoioUITestsLaunchTests.swift */; };
		F2EF709929E05EC5003B5995 /* GoogleService-Info.plist in Resources */ = {isa = PBXBuildFile; fileRef = F2EF709829E05EC5003B5995 /* GoogleService-Info.plist */; };
		F2EF709C29E05F1D003B5995 /* FirebaseAuth in Frameworks */ = {isa = PBXBuildFile; productRef = F2EF709B29E05F1D003B5995 /* FirebaseAuth */; };
		F2EF70A129E061D8003B5995 /* AuthService.swift in Sources */ = {isa = PBXBuildFile; fileRef = F2EF70A029E061D8003B5995 /* AuthService.swift */; };
		F2EF70A329E06387003B5995 /* CustomNavigationController.swift in Sources */ = {isa = PBXBuildFile; fileRef = F2EF70A229E06387003B5995 /* CustomNavigationController.swift */; };
		F2EF70A529E06E58003B5995 /* SingUpViewController.swift in Sources */ = {isa = PBXBuildFile; fileRef = F2EF70A429E06E58003B5995 /* SingUpViewController.swift */; };
		F2EF70AA29E0830D003B5995 /* MainTabBarController.swift in Sources */ = {isa = PBXBuildFile; fileRef = F2EF70A929E0830D003B5995 /* MainTabBarController.swift */; };
		F2EF70AD29E0865F003B5995 /* CatalogViewController.swift in Sources */ = {isa = PBXBuildFile; fileRef = F2EF70AC29E0865F003B5995 /* CatalogViewController.swift */; };
		F2EF70B229E087E6003B5995 /* CatalogCollectionViewCell.swift in Sources */ = {isa = PBXBuildFile; fileRef = F2EF70B029E087E6003B5995 /* CatalogCollectionViewCell.swift */; };
		F2EF70B329E087E6003B5995 /* CatalogCollectionViewCell.xib in Resources */ = {isa = PBXBuildFile; fileRef = F2EF70B129E087E6003B5995 /* CatalogCollectionViewCell.xib */; };
		F2EF70B629E0AFDF003B5995 /* Movie.swift in Sources */ = {isa = PBXBuildFile; fileRef = F2EF70B529E0AFDF003B5995 /* Movie.swift */; };
		F2EF70BA29E0B222003B5995 /* MovieService.swift in Sources */ = {isa = PBXBuildFile; fileRef = F2EF70B929E0B222003B5995 /* MovieService.swift */; };
		F2EF70BD29E0B363003B5995 /* CatalogPresenter.swift in Sources */ = {isa = PBXBuildFile; fileRef = F2EF70BC29E0B363003B5995 /* CatalogPresenter.swift */; };
		F2EF70BF29E0B4FE003B5995 /* CatalogPresenterImplementation.swift in Sources */ = {isa = PBXBuildFile; fileRef = F2EF70BE29E0B4FD003B5995 /* CatalogPresenterImplementation.swift */; };
/* End PBXBuildFile section */

/* Begin PBXContainerItemProxy section */
		F2EF707C29E05940003B5995 /* PBXContainerItemProxy */ = {
			isa = PBXContainerItemProxy;
			containerPortal = F2EF705D29E0593E003B5995 /* Project object */;
			proxyType = 1;
			remoteGlobalIDString = F2EF706429E0593E003B5995;
			remoteInfo = Voio;
		};
		F2EF708629E05940003B5995 /* PBXContainerItemProxy */ = {
			isa = PBXContainerItemProxy;
			containerPortal = F2EF705D29E0593E003B5995 /* Project object */;
			proxyType = 1;
			remoteGlobalIDString = F2EF706429E0593E003B5995;
			remoteInfo = Voio;
		};
/* End PBXContainerItemProxy section */

/* Begin PBXFileReference section */
		161C099047FFCFDEDB8CDD98 /* Pods-Voio.release.xcconfig */ = {isa = PBXFileReference; includeInIndex = 1; lastKnownFileType = text.xcconfig; name = "Pods-Voio.release.xcconfig"; path = "Target Support Files/Pods-Voio/Pods-Voio.release.xcconfig"; sourceTree = "<group>"; };
		3B9A75C17C1AD9CEF914129B /* Pods-VoioTests.debug.xcconfig */ = {isa = PBXFileReference; includeInIndex = 1; lastKnownFileType = text.xcconfig; name = "Pods-VoioTests.debug.xcconfig"; path = "Target Support Files/Pods-VoioTests/Pods-VoioTests.debug.xcconfig"; sourceTree = "<group>"; };
		6D138691600E0A049AACCF7D /* Pods_Voio.framework */ = {isa = PBXFileReference; explicitFileType = wrapper.framework; includeInIndex = 0; path = Pods_Voio.framework; sourceTree = BUILT_PRODUCTS_DIR; };
		75013E709E04912411B007A8 /* Pods-Voio-VoioUITests.release.xcconfig */ = {isa = PBXFileReference; includeInIndex = 1; lastKnownFileType = text.xcconfig; name = "Pods-Voio-VoioUITests.release.xcconfig"; path = "Target Support Files/Pods-Voio-VoioUITests/Pods-Voio-VoioUITests.release.xcconfig"; sourceTree = "<group>"; };
		8F7D10C2A07283A5F8430F3E /* Pods-Voio.debug.xcconfig */ = {isa = PBXFileReference; includeInIndex = 1; lastKnownFileType = text.xcconfig; name = "Pods-Voio.debug.xcconfig"; path = "Target Support Files/Pods-Voio/Pods-Voio.debug.xcconfig"; sourceTree = "<group>"; };
		9170AECEEC326D63B56E0819 /* Pods-VoioTests.release.xcconfig */ = {isa = PBXFileReference; includeInIndex = 1; lastKnownFileType = text.xcconfig; name = "Pods-VoioTests.release.xcconfig"; path = "Target Support Files/Pods-VoioTests/Pods-VoioTests.release.xcconfig"; sourceTree = "<group>"; };
		92045854129E7F6374BC731B /* Pods_VoioTests.framework */ = {isa = PBXFileReference; explicitFileType = wrapper.framework; includeInIndex = 0; path = Pods_VoioTests.framework; sourceTree = BUILT_PRODUCTS_DIR; };
		DC803078BC7EE827B4B219AD /* Pods_Voio_VoioUITests.framework */ = {isa = PBXFileReference; explicitFileType = wrapper.framework; includeInIndex = 0; path = Pods_Voio_VoioUITests.framework; sourceTree = BUILT_PRODUCTS_DIR; };
		F2AE955329E1948500C1636D /* DetailsViewController.swift */ = {isa = PBXFileReference; lastKnownFileType = sourcecode.swift; path = DetailsViewController.swift; sourceTree = "<group>"; };
		F2AE955829E1A76600C1636D /* FavoriteViewController.swift */ = {isa = PBXFileReference; lastKnownFileType = sourcecode.swift; path = FavoriteViewController.swift; sourceTree = "<group>"; };
		F2AE955E29E1A7F000C1636D /* FavoriteViewCell.swift */ = {isa = PBXFileReference; lastKnownFileType = sourcecode.swift; path = FavoriteViewCell.swift; sourceTree = "<group>"; };
		F2AE956029E1A85600C1636D /* UILabelExtension.swift */ = {isa = PBXFileReference; lastKnownFileType = sourcecode.swift; path = UILabelExtension.swift; sourceTree = "<group>"; };
		F2AE956229E1AA2400C1636D /* FavoriteTableViewCell.swift */ = {isa = PBXFileReference; lastKnownFileType = sourcecode.swift; path = FavoriteTableViewCell.swift; sourceTree = "<group>"; };
		F2AE956429E1ABD700C1636D /* MovieObject.swift */ = {isa = PBXFileReference; lastKnownFileType = sourcecode.swift; path = MovieObject.swift; sourceTree = "<group>"; };
		F2AE956B29E1DD8200C1636D /* favorites.json */ = {isa = PBXFileReference; fileEncoding = 4; lastKnownFileType = text.json; path = favorites.json; sourceTree = "<group>"; };
		F2D4DE8A29E2C24B006ECCBA /* DetailsPresenter.swift */ = {isa = PBXFileReference; lastKnownFileType = sourcecode.swift; path = DetailsPresenter.swift; sourceTree = "<group>"; };
		F2D4DE8C29E2C28C006ECCBA /* DetailsPresenterImplementation.swift */ = {isa = PBXFileReference; lastKnownFileType = sourcecode.swift; path = DetailsPresenterImplementation.swift; sourceTree = "<group>"; };
		F2D4DE8E29E2C2A9006ECCBA /* DetailsMovieService.swift */ = {isa = PBXFileReference; lastKnownFileType = sourcecode.swift; path = DetailsMovieService.swift; sourceTree = "<group>"; };
		F2EF706529E0593E003B5995 /* Voio.app */ = {isa = PBXFileReference; explicitFileType = wrapper.application; includeInIndex = 0; path = Voio.app; sourceTree = BUILT_PRODUCTS_DIR; };
		F2EF706829E0593E003B5995 /* AppDelegate.swift */ = {isa = PBXFileReference; lastKnownFileType = sourcecode.swift; path = AppDelegate.swift; sourceTree = "<group>"; };
		F2EF706A29E0593E003B5995 /* SceneDelegate.swift */ = {isa = PBXFileReference; lastKnownFileType = sourcecode.swift; path = SceneDelegate.swift; sourceTree = "<group>"; };
		F2EF706C29E0593E003B5995 /* AuthViewController.swift */ = {isa = PBXFileReference; lastKnownFileType = sourcecode.swift; path = AuthViewController.swift; sourceTree = "<group>"; };
		F2EF707129E05940003B5995 /* Assets.xcassets */ = {isa = PBXFileReference; lastKnownFileType = folder.assetcatalog; path = Assets.xcassets; sourceTree = "<group>"; };
		F2EF707429E05940003B5995 /* Base */ = {isa = PBXFileReference; lastKnownFileType = file.storyboard; name = Base; path = Base.lproj/LaunchScreen.storyboard; sourceTree = "<group>"; };
		F2EF707629E05940003B5995 /* Info.plist */ = {isa = PBXFileReference; lastKnownFileType = text.plist.xml; path = Info.plist; sourceTree = "<group>"; };
		F2EF707B29E05940003B5995 /* VoioTests.xctest */ = {isa = PBXFileReference; explicitFileType = wrapper.cfbundle; includeInIndex = 0; path = VoioTests.xctest; sourceTree = BUILT_PRODUCTS_DIR; };
		F2EF707F29E05940003B5995 /* VoioTests.swift */ = {isa = PBXFileReference; lastKnownFileType = sourcecode.swift; path = VoioTests.swift; sourceTree = "<group>"; };
		F2EF708529E05940003B5995 /* VoioUITests.xctest */ = {isa = PBXFileReference; explicitFileType = wrapper.cfbundle; includeInIndex = 0; path = VoioUITests.xctest; sourceTree = BUILT_PRODUCTS_DIR; };
		F2EF708929E05940003B5995 /* VoioUITests.swift */ = {isa = PBXFileReference; lastKnownFileType = sourcecode.swift; path = VoioUITests.swift; sourceTree = "<group>"; };
		F2EF708B29E05940003B5995 /* VoioUITestsLaunchTests.swift */ = {isa = PBXFileReference; lastKnownFileType = sourcecode.swift; path = VoioUITestsLaunchTests.swift; sourceTree = "<group>"; };
		F2EF709829E05EC5003B5995 /* GoogleService-Info.plist */ = {isa = PBXFileReference; fileEncoding = 4; lastKnownFileType = text.plist.xml; path = "GoogleService-Info.plist"; sourceTree = "<group>"; };
		F2EF70A029E061D8003B5995 /* AuthService.swift */ = {isa = PBXFileReference; lastKnownFileType = sourcecode.swift; path = AuthService.swift; sourceTree = "<group>"; };
		F2EF70A229E06387003B5995 /* CustomNavigationController.swift */ = {isa = PBXFileReference; lastKnownFileType = sourcecode.swift; path = CustomNavigationController.swift; sourceTree = "<group>"; };
		F2EF70A429E06E58003B5995 /* SingUpViewController.swift */ = {isa = PBXFileReference; lastKnownFileType = sourcecode.swift; path = SingUpViewController.swift; sourceTree = "<group>"; };
		F2EF70A929E0830D003B5995 /* MainTabBarController.swift */ = {isa = PBXFileReference; lastKnownFileType = sourcecode.swift; path = MainTabBarController.swift; sourceTree = "<group>"; };
		F2EF70AC29E0865F003B5995 /* CatalogViewController.swift */ = {isa = PBXFileReference; lastKnownFileType = sourcecode.swift; path = CatalogViewController.swift; sourceTree = "<group>"; };
		F2EF70B029E087E6003B5995 /* CatalogCollectionViewCell.swift */ = {isa = PBXFileReference; lastKnownFileType = sourcecode.swift; path = CatalogCollectionViewCell.swift; sourceTree = "<group>"; };
		F2EF70B129E087E6003B5995 /* CatalogCollectionViewCell.xib */ = {isa = PBXFileReference; lastKnownFileType = file.xib; path = CatalogCollectionViewCell.xib; sourceTree = "<group>"; };
		F2EF70B529E0AFDF003B5995 /* Movie.swift */ = {isa = PBXFileReference; lastKnownFileType = sourcecode.swift; path = Movie.swift; sourceTree = "<group>"; };
		F2EF70B929E0B222003B5995 /* MovieService.swift */ = {isa = PBXFileReference; lastKnownFileType = sourcecode.swift; path = MovieService.swift; sourceTree = "<group>"; };
		F2EF70BC29E0B363003B5995 /* CatalogPresenter.swift */ = {isa = PBXFileReference; lastKnownFileType = sourcecode.swift; path = CatalogPresenter.swift; sourceTree = "<group>"; };
		F2EF70BE29E0B4FD003B5995 /* CatalogPresenterImplementation.swift */ = {isa = PBXFileReference; lastKnownFileType = sourcecode.swift; path = CatalogPresenterImplementation.swift; sourceTree = "<group>"; };
		F3ED9A36D02917F68AD73FF8 /* Pods-Voio-VoioUITests.debug.xcconfig */ = {isa = PBXFileReference; includeInIndex = 1; lastKnownFileType = text.xcconfig; name = "Pods-Voio-VoioUITests.debug.xcconfig"; path = "Target Support Files/Pods-Voio-VoioUITests/Pods-Voio-VoioUITests.debug.xcconfig"; sourceTree = "<group>"; };
/* End PBXFileReference section */

/* Begin PBXFrameworksBuildPhase section */
		F2EF706229E0593E003B5995 /* Frameworks */ = {
			isa = PBXFrameworksBuildPhase;
			buildActionMask = 2147483647;
			files = (
				F2EF709C29E05F1D003B5995 /* FirebaseAuth in Frameworks */,
				C8AF088EFDC07735EA4B2D15 /* Pods_Voio.framework in Frameworks */,
				F2AE956A29E1DA6100C1636D /* Lottie in Frameworks */,
			);
			runOnlyForDeploymentPostprocessing = 0;
		};
		F2EF707829E05940003B5995 /* Frameworks */ = {
			isa = PBXFrameworksBuildPhase;
			buildActionMask = 2147483647;
			files = (
				5FE9EC0612ABC6E4D7F3D5BF /* Pods_VoioTests.framework in Frameworks */,
			);
			runOnlyForDeploymentPostprocessing = 0;
		};
		F2EF708229E05940003B5995 /* Frameworks */ = {
			isa = PBXFrameworksBuildPhase;
			buildActionMask = 2147483647;
			files = (
				6ED6A376E718F2F8DB315D1C /* Pods_Voio_VoioUITests.framework in Frameworks */,
			);
			runOnlyForDeploymentPostprocessing = 0;
		};
/* End PBXFrameworksBuildPhase section */

/* Begin PBXGroup section */
		303DE2AE4A2592103216A640 /* Frameworks */ = {
			isa = PBXGroup;
			children = (
				6D138691600E0A049AACCF7D /* Pods_Voio.framework */,
				DC803078BC7EE827B4B219AD /* Pods_Voio_VoioUITests.framework */,
				92045854129E7F6374BC731B /* Pods_VoioTests.framework */,
			);
			name = Frameworks;
			sourceTree = "<group>";
		};
		D86AB5F6FE657B4CC47EF81B /* Pods */ = {
			isa = PBXGroup;
			children = (
				8F7D10C2A07283A5F8430F3E /* Pods-Voio.debug.xcconfig */,
				161C099047FFCFDEDB8CDD98 /* Pods-Voio.release.xcconfig */,
				F3ED9A36D02917F68AD73FF8 /* Pods-Voio-VoioUITests.debug.xcconfig */,
				75013E709E04912411B007A8 /* Pods-Voio-VoioUITests.release.xcconfig */,
				3B9A75C17C1AD9CEF914129B /* Pods-VoioTests.debug.xcconfig */,
				9170AECEEC326D63B56E0819 /* Pods-VoioTests.release.xcconfig */,
			);
			path = Pods;
			sourceTree = "<group>";
		};
		F2AE955229E1945600C1636D /* DetailsModule */ = {
			isa = PBXGroup;
			children = (
				F2D4DE8929E2BB61006ECCBA /* View */,
			);
			path = DetailsModule;
			sourceTree = "<group>";
		};
		F2AE955729E1A64C00C1636D /* FavoriteModule */ = {
			isa = PBXGroup;
			children = (
				F2AE955829E1A76600C1636D /* FavoriteViewController.swift */,
				F2AE956229E1AA2400C1636D /* FavoriteTableViewCell.swift */,
				F2AE955E29E1A7F000C1636D /* FavoriteViewCell.swift */,
				F2AE956429E1ABD700C1636D /* MovieObject.swift */,
			);
			path = FavoriteModule;
			sourceTree = "<group>";
		};
		F2D4DE8929E2BB61006ECCBA /* View */ = {
			isa = PBXGroup;
			children = (
				F2AE955329E1948500C1636D /* DetailsViewController.swift */,
				F2D4DE9129E2C397006ECCBA /* Presenter */,
			);
			path = View;
			sourceTree = "<group>";
		};
		F2D4DE9029E2C2B4006ECCBA /* Services */ = {
			isa = PBXGroup;
			children = (
				F2D4DE8E29E2C2A9006ECCBA /* DetailsMovieService.swift */,
			);
			path = Services;
			sourceTree = "<group>";
		};
		F2D4DE9129E2C397006ECCBA /* Presenter */ = {
			isa = PBXGroup;
			children = (
				F2D4DE8A29E2C24B006ECCBA /* DetailsPresenter.swift */,
				F2D4DE8C29E2C28C006ECCBA /* DetailsPresenterImplementation.swift */,
			);
			path = Presenter;
			sourceTree = "<group>";
		};
		F2D4DE9229E2C530006ECCBA /* Extensions */ = {
			isa = PBXGroup;
			children = (
				F2AE956029E1A85600C1636D /* UILabelExtension.swift */,
			);
			path = Extensions;
			sourceTree = "<group>";
		};
		F2EF705C29E0593E003B5995 = {
			isa = PBXGroup;
			children = (
				F2EF706729E0593E003B5995 /* Voio */,
				F2EF707E29E05940003B5995 /* VoioTests */,
				F2EF708829E05940003B5995 /* VoioUITests */,
				F2EF706629E0593E003B5995 /* Products */,
				D86AB5F6FE657B4CC47EF81B /* Pods */,
				303DE2AE4A2592103216A640 /* Frameworks */,
			);
			sourceTree = "<group>";
		};
		F2EF706629E0593E003B5995 /* Products */ = {
			isa = PBXGroup;
			children = (
				F2EF706529E0593E003B5995 /* Voio.app */,
				F2EF707B29E05940003B5995 /* VoioTests.xctest */,
				F2EF708529E05940003B5995 /* VoioUITests.xctest */,
			);
			name = Products;
			sourceTree = "<group>";
		};
		F2EF706729E0593E003B5995 /* Voio */ = {
			isa = PBXGroup;
			children = (
				F2EF709D29E0603B003B5995 /* Application */,
				F2EF709F29E061C1003B5995 /* NetworkServices */,
				F2D4DE9029E2C2B4006ECCBA /* Services */,
				F2EF70A729E08103003B5995 /* AuthModule */,
				F2EF70A829E08240003B5995 /* TabBar */,
				F2EF70AB29E0863D003B5995 /* CatalogModule */,
				F2AE955229E1945600C1636D /* DetailsModule */,
				F2AE955729E1A64C00C1636D /* FavoriteModule */,
				F2D4DE9229E2C530006ECCBA /* Extensions */,
				F2EF709E29E06052003B5995 /* Resources */,
			);
			path = Voio;
			sourceTree = "<group>";
		};
		F2EF707E29E05940003B5995 /* VoioTests */ = {
			isa = PBXGroup;
			children = (
				F2EF707F29E05940003B5995 /* VoioTests.swift */,
			);
			path = VoioTests;
			sourceTree = "<group>";
		};
		F2EF708829E05940003B5995 /* VoioUITests */ = {
			isa = PBXGroup;
			children = (
				F2EF708929E05940003B5995 /* VoioUITests.swift */,
				F2EF708B29E05940003B5995 /* VoioUITestsLaunchTests.swift */,
			);
			path = VoioUITests;
			sourceTree = "<group>";
		};
		F2EF709D29E0603B003B5995 /* Application */ = {
			isa = PBXGroup;
			children = (
				F2EF706829E0593E003B5995 /* AppDelegate.swift */,
				F2EF706A29E0593E003B5995 /* SceneDelegate.swift */,
				F2EF70A229E06387003B5995 /* CustomNavigationController.swift */,
			);
			path = Application;
			sourceTree = "<group>";
		};
		F2EF709E29E06052003B5995 /* Resources */ = {
			isa = PBXGroup;
			children = (
				F2AE956B29E1DD8200C1636D /* favorites.json */,
				F2EF707129E05940003B5995 /* Assets.xcassets */,
				F2EF707329E05940003B5995 /* LaunchScreen.storyboard */,
				F2EF707629E05940003B5995 /* Info.plist */,
				F2EF709829E05EC5003B5995 /* GoogleService-Info.plist */,
			);
			path = Resources;
			sourceTree = "<group>";
		};
		F2EF709F29E061C1003B5995 /* NetworkServices */ = {
			isa = PBXGroup;
			children = (
				F2EF70A029E061D8003B5995 /* AuthService.swift */,
				F2EF70B929E0B222003B5995 /* MovieService.swift */,
			);
			path = NetworkServices;
			sourceTree = "<group>";
		};
		F2EF70A729E08103003B5995 /* AuthModule */ = {
			isa = PBXGroup;
			children = (
				F2EF706C29E0593E003B5995 /* AuthViewController.swift */,
				F2EF70A429E06E58003B5995 /* SingUpViewController.swift */,
			);
			path = AuthModule;
			sourceTree = "<group>";
		};
		F2EF70A829E08240003B5995 /* TabBar */ = {
			isa = PBXGroup;
			children = (
				F2EF70A929E0830D003B5995 /* MainTabBarController.swift */,
			);
			name = TabBar;
			path = NetworkServices;
			sourceTree = "<group>";
		};
		F2EF70AB29E0863D003B5995 /* CatalogModule */ = {
			isa = PBXGroup;
			children = (
				F2EF70B429E0AFD4003B5995 /* Model */,
				F2EF70B829E0B14F003B5995 /* View */,
				F2EF70BB29E0B344003B5995 /* Presenter */,
			);
			path = CatalogModule;
			sourceTree = "<group>";
		};
		F2EF70B429E0AFD4003B5995 /* Model */ = {
			isa = PBXGroup;
			children = (
				F2EF70B529E0AFDF003B5995 /* Movie.swift */,
			);
			path = Model;
			sourceTree = "<group>";
		};
		F2EF70B729E0B139003B5995 /* Cell */ = {
			isa = PBXGroup;
			children = (
				F2EF70B029E087E6003B5995 /* CatalogCollectionViewCell.swift */,
				F2EF70B129E087E6003B5995 /* CatalogCollectionViewCell.xib */,
			);
			path = Cell;
			sourceTree = "<group>";
		};
		F2EF70B829E0B14F003B5995 /* View */ = {
			isa = PBXGroup;
			children = (
				F2EF70AC29E0865F003B5995 /* CatalogViewController.swift */,
				F2EF70B729E0B139003B5995 /* Cell */,
			);
			path = View;
			sourceTree = "<group>";
		};
		F2EF70BB29E0B344003B5995 /* Presenter */ = {
			isa = PBXGroup;
			children = (
				F2EF70BC29E0B363003B5995 /* CatalogPresenter.swift */,
				F2EF70BE29E0B4FD003B5995 /* CatalogPresenterImplementation.swift */,
			);
			path = Presenter;
			sourceTree = "<group>";
		};
/* End PBXGroup section */

/* Begin PBXNativeTarget section */
		F2EF706429E0593E003B5995 /* Voio */ = {
			isa = PBXNativeTarget;
			buildConfigurationList = F2EF708F29E05940003B5995 /* Build configuration list for PBXNativeTarget "Voio" */;
			buildPhases = (
				FB3D0D989C1B4590687F106E /* [CP] Check Pods Manifest.lock */,
				F2EF706129E0593E003B5995 /* Sources */,
				F2EF706229E0593E003B5995 /* Frameworks */,
				F2EF706329E0593E003B5995 /* Resources */,
				0ABBD8CA1E1B58424B5A41C7 /* [CP] Embed Pods Frameworks */,
			);
			buildRules = (
			);
			dependencies = (
			);
			name = Voio;
			packageProductDependencies = (
				F2EF709B29E05F1D003B5995 /* FirebaseAuth */,
				F2AE956929E1DA6100C1636D /* Lottie */,
			);
			productName = Voio;
			productReference = F2EF706529E0593E003B5995 /* Voio.app */;
			productType = "com.apple.product-type.application";
		};
		F2EF707A29E05940003B5995 /* VoioTests */ = {
			isa = PBXNativeTarget;
			buildConfigurationList = F2EF709229E05940003B5995 /* Build configuration list for PBXNativeTarget "VoioTests" */;
			buildPhases = (
				1C904761B52387909D8A684D /* [CP] Check Pods Manifest.lock */,
				F2EF707729E05940003B5995 /* Sources */,
				F2EF707829E05940003B5995 /* Frameworks */,
				F2EF707929E05940003B5995 /* Resources */,
			);
			buildRules = (
			);
			dependencies = (
				F2EF707D29E05940003B5995 /* PBXTargetDependency */,
			);
			name = VoioTests;
			productName = VoioTests;
			productReference = F2EF707B29E05940003B5995 /* VoioTests.xctest */;
			productType = "com.apple.product-type.bundle.unit-test";
		};
		F2EF708429E05940003B5995 /* VoioUITests */ = {
			isa = PBXNativeTarget;
			buildConfigurationList = F2EF709529E05940003B5995 /* Build configuration list for PBXNativeTarget "VoioUITests" */;
			buildPhases = (
				73762B655B4DBCD8672F6573 /* [CP] Check Pods Manifest.lock */,
				F2EF708129E05940003B5995 /* Sources */,
				F2EF708229E05940003B5995 /* Frameworks */,
				F2EF708329E05940003B5995 /* Resources */,
				DDEBD2DB806AEDD0A4BC98AD /* [CP] Embed Pods Frameworks */,
			);
			buildRules = (
			);
			dependencies = (
				F2EF708729E05940003B5995 /* PBXTargetDependency */,
			);
			name = VoioUITests;
			productName = VoioUITests;
			productReference = F2EF708529E05940003B5995 /* VoioUITests.xctest */;
			productType = "com.apple.product-type.bundle.ui-testing";
		};
/* End PBXNativeTarget section */

/* Begin PBXProject section */
		F2EF705D29E0593E003B5995 /* Project object */ = {
			isa = PBXProject;
			attributes = {
				BuildIndependentTargetsInParallel = 1;
				LastSwiftUpdateCheck = 1420;
				LastUpgradeCheck = 1420;
				TargetAttributes = {
					F2EF706429E0593E003B5995 = {
						CreatedOnToolsVersion = 14.2;
					};
					F2EF707A29E05940003B5995 = {
						CreatedOnToolsVersion = 14.2;
						TestTargetID = F2EF706429E0593E003B5995;
					};
					F2EF708429E05940003B5995 = {
						CreatedOnToolsVersion = 14.2;
						TestTargetID = F2EF706429E0593E003B5995;
					};
				};
			};
			buildConfigurationList = F2EF706029E0593E003B5995 /* Build configuration list for PBXProject "Voio" */;
			compatibilityVersion = "Xcode 14.0";
			developmentRegion = en;
			hasScannedForEncodings = 0;
			knownRegions = (
				en,
				Base,
			);
			mainGroup = F2EF705C29E0593E003B5995;
			packageReferences = (
				F2EF709A29E05F1D003B5995 /* XCRemoteSwiftPackageReference "firebase-ios-sdk" */,
				F2AE956829E1DA6000C1636D /* XCRemoteSwiftPackageReference "lottie-ios" */,
			);
			productRefGroup = F2EF706629E0593E003B5995 /* Products */;
			projectDirPath = "";
			projectRoot = "";
			targets = (
				F2EF706429E0593E003B5995 /* Voio */,
				F2EF707A29E05940003B5995 /* VoioTests */,
				F2EF708429E05940003B5995 /* VoioUITests */,
			);
		};
/* End PBXProject section */

/* Begin PBXResourcesBuildPhase section */
		F2EF706329E0593E003B5995 /* Resources */ = {
			isa = PBXResourcesBuildPhase;
			buildActionMask = 2147483647;
			files = (
				F2EF70B329E087E6003B5995 /* CatalogCollectionViewCell.xib in Resources */,
				F2EF707529E05940003B5995 /* LaunchScreen.storyboard in Resources */,
				F2EF707229E05940003B5995 /* Assets.xcassets in Resources */,
				F2EF709929E05EC5003B5995 /* GoogleService-Info.plist in Resources */,
				F2AE956C29E1DD8200C1636D /* favorites.json in Resources */,
			);
			runOnlyForDeploymentPostprocessing = 0;
		};
		F2EF707929E05940003B5995 /* Resources */ = {
			isa = PBXResourcesBuildPhase;
			buildActionMask = 2147483647;
			files = (
			);
			runOnlyForDeploymentPostprocessing = 0;
		};
		F2EF708329E05940003B5995 /* Resources */ = {
			isa = PBXResourcesBuildPhase;
			buildActionMask = 2147483647;
			files = (
			);
			runOnlyForDeploymentPostprocessing = 0;
		};
/* End PBXResourcesBuildPhase section */

/* Begin PBXShellScriptBuildPhase section */
		0ABBD8CA1E1B58424B5A41C7 /* [CP] Embed Pods Frameworks */ = {
			isa = PBXShellScriptBuildPhase;
			buildActionMask = 2147483647;
			files = (
			);
			inputFileListPaths = (
				"${PODS_ROOT}/Target Support Files/Pods-Voio/Pods-Voio-frameworks-${CONFIGURATION}-input-files.xcfilelist",
			);
			name = "[CP] Embed Pods Frameworks";
			outputFileListPaths = (
				"${PODS_ROOT}/Target Support Files/Pods-Voio/Pods-Voio-frameworks-${CONFIGURATION}-output-files.xcfilelist",
			);
			runOnlyForDeploymentPostprocessing = 0;
			shellPath = /bin/sh;
			shellScript = "\"${PODS_ROOT}/Target Support Files/Pods-Voio/Pods-Voio-frameworks.sh\"\n";
			showEnvVarsInLog = 0;
		};
		1C904761B52387909D8A684D /* [CP] Check Pods Manifest.lock */ = {
			isa = PBXShellScriptBuildPhase;
			buildActionMask = 2147483647;
			files = (
			);
			inputFileListPaths = (
			);
			inputPaths = (
				"${PODS_PODFILE_DIR_PATH}/Podfile.lock",
				"${PODS_ROOT}/Manifest.lock",
			);
			name = "[CP] Check Pods Manifest.lock";
			outputFileListPaths = (
			);
			outputPaths = (
				"$(DERIVED_FILE_DIR)/Pods-VoioTests-checkManifestLockResult.txt",
			);
			runOnlyForDeploymentPostprocessing = 0;
			shellPath = /bin/sh;
			shellScript = "diff \"${PODS_PODFILE_DIR_PATH}/Podfile.lock\" \"${PODS_ROOT}/Manifest.lock\" > /dev/null\nif [ $? != 0 ] ; then\n    # print error to STDERR\n    echo \"error: The sandbox is not in sync with the Podfile.lock. Run 'pod install' or update your CocoaPods installation.\" >&2\n    exit 1\nfi\n# This output is used by Xcode 'outputs' to avoid re-running this script phase.\necho \"SUCCESS\" > \"${SCRIPT_OUTPUT_FILE_0}\"\n";
			showEnvVarsInLog = 0;
		};
		73762B655B4DBCD8672F6573 /* [CP] Check Pods Manifest.lock */ = {
			isa = PBXShellScriptBuildPhase;
			buildActionMask = 2147483647;
			files = (
			);
			inputFileListPaths = (
			);
			inputPaths = (
				"${PODS_PODFILE_DIR_PATH}/Podfile.lock",
				"${PODS_ROOT}/Manifest.lock",
			);
			name = "[CP] Check Pods Manifest.lock";
			outputFileListPaths = (
			);
			outputPaths = (
				"$(DERIVED_FILE_DIR)/Pods-Voio-VoioUITests-checkManifestLockResult.txt",
			);
			runOnlyForDeploymentPostprocessing = 0;
			shellPath = /bin/sh;
			shellScript = "diff \"${PODS_PODFILE_DIR_PATH}/Podfile.lock\" \"${PODS_ROOT}/Manifest.lock\" > /dev/null\nif [ $? != 0 ] ; then\n    # print error to STDERR\n    echo \"error: The sandbox is not in sync with the Podfile.lock. Run 'pod install' or update your CocoaPods installation.\" >&2\n    exit 1\nfi\n# This output is used by Xcode 'outputs' to avoid re-running this script phase.\necho \"SUCCESS\" > \"${SCRIPT_OUTPUT_FILE_0}\"\n";
			showEnvVarsInLog = 0;
		};
		DDEBD2DB806AEDD0A4BC98AD /* [CP] Embed Pods Frameworks */ = {
			isa = PBXShellScriptBuildPhase;
			buildActionMask = 2147483647;
			files = (
			);
			inputFileListPaths = (
				"${PODS_ROOT}/Target Support Files/Pods-Voio-VoioUITests/Pods-Voio-VoioUITests-frameworks-${CONFIGURATION}-input-files.xcfilelist",
			);
			name = "[CP] Embed Pods Frameworks";
			outputFileListPaths = (
				"${PODS_ROOT}/Target Support Files/Pods-Voio-VoioUITests/Pods-Voio-VoioUITests-frameworks-${CONFIGURATION}-output-files.xcfilelist",
			);
			runOnlyForDeploymentPostprocessing = 0;
			shellPath = /bin/sh;
			shellScript = "\"${PODS_ROOT}/Target Support Files/Pods-Voio-VoioUITests/Pods-Voio-VoioUITests-frameworks.sh\"\n";
			showEnvVarsInLog = 0;
		};
		FB3D0D989C1B4590687F106E /* [CP] Check Pods Manifest.lock */ = {
			isa = PBXShellScriptBuildPhase;
			buildActionMask = 2147483647;
			files = (
			);
			inputFileListPaths = (
			);
			inputPaths = (
				"${PODS_PODFILE_DIR_PATH}/Podfile.lock",
				"${PODS_ROOT}/Manifest.lock",
			);
			name = "[CP] Check Pods Manifest.lock";
			outputFileListPaths = (
			);
			outputPaths = (
				"$(DERIVED_FILE_DIR)/Pods-Voio-checkManifestLockResult.txt",
			);
			runOnlyForDeploymentPostprocessing = 0;
			shellPath = /bin/sh;
			shellScript = "diff \"${PODS_PODFILE_DIR_PATH}/Podfile.lock\" \"${PODS_ROOT}/Manifest.lock\" > /dev/null\nif [ $? != 0 ] ; then\n    # print error to STDERR\n    echo \"error: The sandbox is not in sync with the Podfile.lock. Run 'pod install' or update your CocoaPods installation.\" >&2\n    exit 1\nfi\n# This output is used by Xcode 'outputs' to avoid re-running this script phase.\necho \"SUCCESS\" > \"${SCRIPT_OUTPUT_FILE_0}\"\n";
			showEnvVarsInLog = 0;
		};
/* End PBXShellScriptBuildPhase section */

/* Begin PBXSourcesBuildPhase section */
		F2EF706129E0593E003B5995 /* Sources */ = {
			isa = PBXSourcesBuildPhase;
			buildActionMask = 2147483647;
			files = (
				F2EF70AD29E0865F003B5995 /* CatalogViewController.swift in Sources */,
				F2EF70B229E087E6003B5995 /* CatalogCollectionViewCell.swift in Sources */,
				F2AE956129E1A85600C1636D /* UILabelExtension.swift in Sources */,
				F2EF706D29E0593E003B5995 /* AuthViewController.swift in Sources */,
				F2EF70A329E06387003B5995 /* CustomNavigationController.swift in Sources */,
				F2AE955929E1A76600C1636D /* FavoriteViewController.swift in Sources */,
				F2AE955F29E1A7F000C1636D /* FavoriteViewCell.swift in Sources */,
				F2D4DE8B29E2C24B006ECCBA /* DetailsPresenter.swift in Sources */,
				F2EF70B629E0AFDF003B5995 /* Movie.swift in Sources */,
				F2D4DE8D29E2C28C006ECCBA /* DetailsPresenterImplementation.swift in Sources */,
				F2EF70BF29E0B4FE003B5995 /* CatalogPresenterImplementation.swift in Sources */,
				F2EF706929E0593E003B5995 /* AppDelegate.swift in Sources */,
				F2AE956529E1ABD700C1636D /* MovieObject.swift in Sources */,
				F2D4DE8F29E2C2A9006ECCBA /* DetailsMovieService.swift in Sources */,
				F2EF70AA29E0830D003B5995 /* MainTabBarController.swift in Sources */,
				F2EF706B29E0593E003B5995 /* SceneDelegate.swift in Sources */,
				F2EF70BD29E0B363003B5995 /* CatalogPresenter.swift in Sources */,
				F2AE956329E1AA2400C1636D /* FavoriteTableViewCell.swift in Sources */,
				F2AE955529E1948500C1636D /* DetailsViewController.swift in Sources */,
				F2EF70A529E06E58003B5995 /* SingUpViewController.swift in Sources */,
				F2EF70A129E061D8003B5995 /* AuthService.swift in Sources */,
				F2EF70BA29E0B222003B5995 /* MovieService.swift in Sources */,
			);
			runOnlyForDeploymentPostprocessing = 0;
		};
		F2EF707729E05940003B5995 /* Sources */ = {
			isa = PBXSourcesBuildPhase;
			buildActionMask = 2147483647;
			files = (
				F2EF708029E05940003B5995 /* VoioTests.swift in Sources */,
			);
			runOnlyForDeploymentPostprocessing = 0;
		};
		F2EF708129E05940003B5995 /* Sources */ = {
			isa = PBXSourcesBuildPhase;
			buildActionMask = 2147483647;
			files = (
				F2EF708A29E05940003B5995 /* VoioUITests.swift in Sources */,
				F2EF708C29E05940003B5995 /* VoioUITestsLaunchTests.swift in Sources */,
			);
			runOnlyForDeploymentPostprocessing = 0;
		};
/* End PBXSourcesBuildPhase section */

/* Begin PBXTargetDependency section */
		F2EF707D29E05940003B5995 /* PBXTargetDependency */ = {
			isa = PBXTargetDependency;
			target = F2EF706429E0593E003B5995 /* Voio */;
			targetProxy = F2EF707C29E05940003B5995 /* PBXContainerItemProxy */;
		};
		F2EF708729E05940003B5995 /* PBXTargetDependency */ = {
			isa = PBXTargetDependency;
			target = F2EF706429E0593E003B5995 /* Voio */;
			targetProxy = F2EF708629E05940003B5995 /* PBXContainerItemProxy */;
		};
/* End PBXTargetDependency section */

/* Begin PBXVariantGroup section */
		F2EF707329E05940003B5995 /* LaunchScreen.storyboard */ = {
			isa = PBXVariantGroup;
			children = (
				F2EF707429E05940003B5995 /* Base */,
			);
			name = LaunchScreen.storyboard;
			sourceTree = "<group>";
		};
/* End PBXVariantGroup section */

/* Begin XCBuildConfiguration section */
		F2EF708D29E05940003B5995 /* Debug */ = {
			isa = XCBuildConfiguration;
			buildSettings = {
				ALWAYS_SEARCH_USER_PATHS = NO;
				CLANG_ANALYZER_NONNULL = YES;
				CLANG_ANALYZER_NUMBER_OBJECT_CONVERSION = YES_AGGRESSIVE;
				CLANG_CXX_LANGUAGE_STANDARD = "gnu++20";
				CLANG_ENABLE_MODULES = YES;
				CLANG_ENABLE_OBJC_ARC = YES;
				CLANG_ENABLE_OBJC_WEAK = YES;
				CLANG_WARN_BLOCK_CAPTURE_AUTORELEASING = YES;
				CLANG_WARN_BOOL_CONVERSION = YES;
				CLANG_WARN_COMMA = YES;
				CLANG_WARN_CONSTANT_CONVERSION = YES;
				CLANG_WARN_DEPRECATED_OBJC_IMPLEMENTATIONS = YES;
				CLANG_WARN_DIRECT_OBJC_ISA_USAGE = YES_ERROR;
				CLANG_WARN_DOCUMENTATION_COMMENTS = YES;
				CLANG_WARN_EMPTY_BODY = YES;
				CLANG_WARN_ENUM_CONVERSION = YES;
				CLANG_WARN_INFINITE_RECURSION = YES;
				CLANG_WARN_INT_CONVERSION = YES;
				CLANG_WARN_NON_LITERAL_NULL_CONVERSION = YES;
				CLANG_WARN_OBJC_IMPLICIT_RETAIN_SELF = YES;
				CLANG_WARN_OBJC_LITERAL_CONVERSION = YES;
				CLANG_WARN_OBJC_ROOT_CLASS = YES_ERROR;
				CLANG_WARN_QUOTED_INCLUDE_IN_FRAMEWORK_HEADER = YES;
				CLANG_WARN_RANGE_LOOP_ANALYSIS = YES;
				CLANG_WARN_STRICT_PROTOTYPES = YES;
				CLANG_WARN_SUSPICIOUS_MOVE = YES;
				CLANG_WARN_UNGUARDED_AVAILABILITY = YES_AGGRESSIVE;
				CLANG_WARN_UNREACHABLE_CODE = YES;
				CLANG_WARN__DUPLICATE_METHOD_MATCH = YES;
				COPY_PHASE_STRIP = NO;
				DEBUG_INFORMATION_FORMAT = dwarf;
				ENABLE_STRICT_OBJC_MSGSEND = YES;
				ENABLE_TESTABILITY = YES;
				GCC_C_LANGUAGE_STANDARD = gnu11;
				GCC_DYNAMIC_NO_PIC = NO;
				GCC_NO_COMMON_BLOCKS = YES;
				GCC_OPTIMIZATION_LEVEL = 0;
				GCC_PREPROCESSOR_DEFINITIONS = (
					"DEBUG=1",
					"$(inherited)",
				);
				GCC_WARN_64_TO_32_BIT_CONVERSION = YES;
				GCC_WARN_ABOUT_RETURN_TYPE = YES_ERROR;
				GCC_WARN_UNDECLARED_SELECTOR = YES;
				GCC_WARN_UNINITIALIZED_AUTOS = YES_AGGRESSIVE;
				GCC_WARN_UNUSED_FUNCTION = YES;
				GCC_WARN_UNUSED_VARIABLE = YES;
				INFOPLIST_FILE = "";
				IPHONEOS_DEPLOYMENT_TARGET = 16.2;
				MTL_ENABLE_DEBUG_INFO = INCLUDE_SOURCE;
				MTL_FAST_MATH = YES;
				ONLY_ACTIVE_ARCH = YES;
				SDKROOT = iphoneos;
				SWIFT_ACTIVE_COMPILATION_CONDITIONS = DEBUG;
				SWIFT_OPTIMIZATION_LEVEL = "-Onone";
			};
			name = Debug;
		};
		F2EF708E29E05940003B5995 /* Release */ = {
			isa = XCBuildConfiguration;
			buildSettings = {
				ALWAYS_SEARCH_USER_PATHS = NO;
				CLANG_ANALYZER_NONNULL = YES;
				CLANG_ANALYZER_NUMBER_OBJECT_CONVERSION = YES_AGGRESSIVE;
				CLANG_CXX_LANGUAGE_STANDARD = "gnu++20";
				CLANG_ENABLE_MODULES = YES;
				CLANG_ENABLE_OBJC_ARC = YES;
				CLANG_ENABLE_OBJC_WEAK = YES;
				CLANG_WARN_BLOCK_CAPTURE_AUTORELEASING = YES;
				CLANG_WARN_BOOL_CONVERSION = YES;
				CLANG_WARN_COMMA = YES;
				CLANG_WARN_CONSTANT_CONVERSION = YES;
				CLANG_WARN_DEPRECATED_OBJC_IMPLEMENTATIONS = YES;
				CLANG_WARN_DIRECT_OBJC_ISA_USAGE = YES_ERROR;
				CLANG_WARN_DOCUMENTATION_COMMENTS = YES;
				CLANG_WARN_EMPTY_BODY = YES;
				CLANG_WARN_ENUM_CONVERSION = YES;
				CLANG_WARN_INFINITE_RECURSION = YES;
				CLANG_WARN_INT_CONVERSION = YES;
				CLANG_WARN_NON_LITERAL_NULL_CONVERSION = YES;
				CLANG_WARN_OBJC_IMPLICIT_RETAIN_SELF = YES;
				CLANG_WARN_OBJC_LITERAL_CONVERSION = YES;
				CLANG_WARN_OBJC_ROOT_CLASS = YES_ERROR;
				CLANG_WARN_QUOTED_INCLUDE_IN_FRAMEWORK_HEADER = YES;
				CLANG_WARN_RANGE_LOOP_ANALYSIS = YES;
				CLANG_WARN_STRICT_PROTOTYPES = YES;
				CLANG_WARN_SUSPICIOUS_MOVE = YES;
				CLANG_WARN_UNGUARDED_AVAILABILITY = YES_AGGRESSIVE;
				CLANG_WARN_UNREACHABLE_CODE = YES;
				CLANG_WARN__DUPLICATE_METHOD_MATCH = YES;
				COPY_PHASE_STRIP = NO;
				DEBUG_INFORMATION_FORMAT = "dwarf-with-dsym";
				ENABLE_NS_ASSERTIONS = NO;
				ENABLE_STRICT_OBJC_MSGSEND = YES;
				GCC_C_LANGUAGE_STANDARD = gnu11;
				GCC_NO_COMMON_BLOCKS = YES;
				GCC_WARN_64_TO_32_BIT_CONVERSION = YES;
				GCC_WARN_ABOUT_RETURN_TYPE = YES_ERROR;
				GCC_WARN_UNDECLARED_SELECTOR = YES;
				GCC_WARN_UNINITIALIZED_AUTOS = YES_AGGRESSIVE;
				GCC_WARN_UNUSED_FUNCTION = YES;
				GCC_WARN_UNUSED_VARIABLE = YES;
				INFOPLIST_FILE = "";
				IPHONEOS_DEPLOYMENT_TARGET = 16.2;
				MTL_ENABLE_DEBUG_INFO = NO;
				MTL_FAST_MATH = YES;
				SDKROOT = iphoneos;
				SWIFT_COMPILATION_MODE = wholemodule;
				SWIFT_OPTIMIZATION_LEVEL = "-O";
				VALIDATE_PRODUCT = YES;
			};
			name = Release;
		};
		F2EF709029E05940003B5995 /* Debug */ = {
			isa = XCBuildConfiguration;
			baseConfigurationReference = 8F7D10C2A07283A5F8430F3E /* Pods-Voio.debug.xcconfig */;
			buildSettings = {
				ASSETCATALOG_COMPILER_APPICON_NAME = AppIcon;
				ASSETCATALOG_COMPILER_GLOBAL_ACCENT_COLOR_NAME = AccentColor;
				CODE_SIGN_STYLE = Automatic;
				CURRENT_PROJECT_VERSION = 1;
				DEVELOPMENT_TEAM = T73BLRAKR5;
				GENERATE_INFOPLIST_FILE = YES;
				INFOPLIST_FILE = Voio/Resources/Info.plist;
				INFOPLIST_KEY_LSApplicationCategoryType = "public.app-category.music";
				INFOPLIST_KEY_UIApplicationSupportsIndirectInputEvents = YES;
				INFOPLIST_KEY_UILaunchStoryboardName = LaunchScreen;
				INFOPLIST_KEY_UIStatusBarStyle = UIStatusBarStyleDarkContent;
				INFOPLIST_KEY_UISupportedInterfaceOrientations = UIInterfaceOrientationPortrait;
				INFOPLIST_KEY_UISupportedInterfaceOrientations_iPad = "UIInterfaceOrientationLandscapeLeft UIInterfaceOrientationLandscapeRight UIInterfaceOrientationPortrait UIInterfaceOrientationPortraitUpsideDown";
				IPHONEOS_DEPLOYMENT_TARGET = 15.0;
				LD_RUNPATH_SEARCH_PATHS = (
					"$(inherited)",
					"@executable_path/Frameworks",
				);
				MARKETING_VERSION = 1.0;
				PRODUCT_BUNDLE_IDENTIFIER = com.Voio;
				PRODUCT_NAME = "$(TARGET_NAME)";
				SUPPORTED_PLATFORMS = "iphoneos iphonesimulator";
				SUPPORTS_MACCATALYST = NO;
				SUPPORTS_MAC_DESIGNED_FOR_IPHONE_IPAD = NO;
				SWIFT_EMIT_LOC_STRINGS = YES;
				SWIFT_VERSION = 5.0;
				TARGETED_DEVICE_FAMILY = 1;
			};
			name = Debug;
		};
		F2EF709129E05940003B5995 /* Release */ = {
			isa = XCBuildConfiguration;
			baseConfigurationReference = 161C099047FFCFDEDB8CDD98 /* Pods-Voio.release.xcconfig */;
			buildSettings = {
				ASSETCATALOG_COMPILER_APPICON_NAME = AppIcon;
				ASSETCATALOG_COMPILER_GLOBAL_ACCENT_COLOR_NAME = AccentColor;
				CODE_SIGN_STYLE = Automatic;
				CURRENT_PROJECT_VERSION = 1;
				DEVELOPMENT_TEAM = T73BLRAKR5;
				GENERATE_INFOPLIST_FILE = YES;
				INFOPLIST_FILE = Voio/Resources/Info.plist;
				INFOPLIST_KEY_LSApplicationCategoryType = "public.app-category.music";
				INFOPLIST_KEY_UIApplicationSupportsIndirectInputEvents = YES;
				INFOPLIST_KEY_UILaunchStoryboardName = LaunchScreen;
				INFOPLIST_KEY_UIStatusBarStyle = UIStatusBarStyleDarkContent;
				INFOPLIST_KEY_UISupportedInterfaceOrientations = UIInterfaceOrientationPortrait;
				INFOPLIST_KEY_UISupportedInterfaceOrientations_iPad = "UIInterfaceOrientationLandscapeLeft UIInterfaceOrientationLandscapeRight UIInterfaceOrientationPortrait UIInterfaceOrientationPortraitUpsideDown";
				IPHONEOS_DEPLOYMENT_TARGET = 15.0;
				LD_RUNPATH_SEARCH_PATHS = (
					"$(inherited)",
					"@executable_path/Frameworks",
				);
				MARKETING_VERSION = 1.0;
				PRODUCT_BUNDLE_IDENTIFIER = com.Voio;
				PRODUCT_NAME = "$(TARGET_NAME)";
				SUPPORTED_PLATFORMS = "iphoneos iphonesimulator";
				SUPPORTS_MACCATALYST = NO;
				SUPPORTS_MAC_DESIGNED_FOR_IPHONE_IPAD = NO;
				SWIFT_EMIT_LOC_STRINGS = YES;
				SWIFT_VERSION = 5.0;
				TARGETED_DEVICE_FAMILY = 1;
			};
			name = Release;
		};
		F2EF709329E05940003B5995 /* Debug */ = {
			isa = XCBuildConfiguration;
			baseConfigurationReference = 3B9A75C17C1AD9CEF914129B /* Pods-VoioTests.debug.xcconfig */;
			buildSettings = {
				ALWAYS_EMBED_SWIFT_STANDARD_LIBRARIES = YES;
				BUNDLE_LOADER = "$(TEST_HOST)";
				CODE_SIGN_STYLE = Automatic;
				CURRENT_PROJECT_VERSION = 1;
				DEVELOPMENT_TEAM = T73BLRAKR5;
				GENERATE_INFOPLIST_FILE = YES;
				IPHONEOS_DEPLOYMENT_TARGET = 16.2;
				MARKETING_VERSION = 1.0;
				PRODUCT_BUNDLE_IDENTIFIER = com.VoioTests;
				PRODUCT_NAME = "$(TARGET_NAME)";
				SWIFT_EMIT_LOC_STRINGS = NO;
				SWIFT_VERSION = 5.0;
				TARGETED_DEVICE_FAMILY = "1,2";
				TEST_HOST = "$(BUILT_PRODUCTS_DIR)/Voio.app/$(BUNDLE_EXECUTABLE_FOLDER_PATH)/Voio";
			};
			name = Debug;
		};
		F2EF709429E05940003B5995 /* Release */ = {
			isa = XCBuildConfiguration;
			baseConfigurationReference = 9170AECEEC326D63B56E0819 /* Pods-VoioTests.release.xcconfig */;
			buildSettings = {
				ALWAYS_EMBED_SWIFT_STANDARD_LIBRARIES = YES;
				BUNDLE_LOADER = "$(TEST_HOST)";
				CODE_SIGN_STYLE = Automatic;
				CURRENT_PROJECT_VERSION = 1;
				DEVELOPMENT_TEAM = T73BLRAKR5;
				GENERATE_INFOPLIST_FILE = YES;
				IPHONEOS_DEPLOYMENT_TARGET = 16.2;
				MARKETING_VERSION = 1.0;
				PRODUCT_BUNDLE_IDENTIFIER = com.VoioTests;
				PRODUCT_NAME = "$(TARGET_NAME)";
				SWIFT_EMIT_LOC_STRINGS = NO;
				SWIFT_VERSION = 5.0;
				TARGETED_DEVICE_FAMILY = "1,2";
				TEST_HOST = "$(BUILT_PRODUCTS_DIR)/Voio.app/$(BUNDLE_EXECUTABLE_FOLDER_PATH)/Voio";
			};
			name = Release;
		};
		F2EF709629E05940003B5995 /* Debug */ = {
			isa = XCBuildConfiguration;
			baseConfigurationReference = F3ED9A36D02917F68AD73FF8 /* Pods-Voio-VoioUITests.debug.xcconfig */;
			buildSettings = {
				ALWAYS_EMBED_SWIFT_STANDARD_LIBRARIES = YES;
				CODE_SIGN_STYLE = Automatic;
				CURRENT_PROJECT_VERSION = 1;
				DEVELOPMENT_TEAM = T73BLRAKR5;
				GENERATE_INFOPLIST_FILE = YES;
				MARKETING_VERSION = 1.0;
				PRODUCT_BUNDLE_IDENTIFIER = com.VoioUITests;
				PRODUCT_NAME = "$(TARGET_NAME)";
				SWIFT_EMIT_LOC_STRINGS = NO;
				SWIFT_VERSION = 5.0;
				TARGETED_DEVICE_FAMILY = "1,2";
				TEST_TARGET_NAME = Voio;
			};
			name = Debug;
		};
		F2EF709729E05940003B5995 /* Release */ = {
			isa = XCBuildConfiguration;
			baseConfigurationReference = 75013E709E04912411B007A8 /* Pods-Voio-VoioUITests.release.xcconfig */;
			buildSettings = {
				ALWAYS_EMBED_SWIFT_STANDARD_LIBRARIES = YES;
				CODE_SIGN_STYLE = Automatic;
				CURRENT_PROJECT_VERSION = 1;
				DEVELOPMENT_TEAM = T73BLRAKR5;
				GENERATE_INFOPLIST_FILE = YES;
				MARKETING_VERSION = 1.0;
				PRODUCT_BUNDLE_IDENTIFIER = com.VoioUITests;
				PRODUCT_NAME = "$(TARGET_NAME)";
				SWIFT_EMIT_LOC_STRINGS = NO;
				SWIFT_VERSION = 5.0;
				TARGETED_DEVICE_FAMILY = "1,2";
				TEST_TARGET_NAME = Voio;
			};
			name = Release;
		};
/* End XCBuildConfiguration section */

/* Begin XCConfigurationList section */
		F2EF706029E0593E003B5995 /* Build configuration list for PBXProject "Voio" */ = {
			isa = XCConfigurationList;
			buildConfigurations = (
				F2EF708D29E05940003B5995 /* Debug */,
				F2EF708E29E05940003B5995 /* Release */,
			);
			defaultConfigurationIsVisible = 0;
			defaultConfigurationName = Release;
		};
		F2EF708F29E05940003B5995 /* Build configuration list for PBXNativeTarget "Voio" */ = {
			isa = XCConfigurationList;
			buildConfigurations = (
				F2EF709029E05940003B5995 /* Debug */,
				F2EF709129E05940003B5995 /* Release */,
			);
			defaultConfigurationIsVisible = 0;
			defaultConfigurationName = Release;
		};
		F2EF709229E05940003B5995 /* Build configuration list for PBXNativeTarget "VoioTests" */ = {
			isa = XCConfigurationList;
			buildConfigurations = (
				F2EF709329E05940003B5995 /* Debug */,
				F2EF709429E05940003B5995 /* Release */,
			);
			defaultConfigurationIsVisible = 0;
			defaultConfigurationName = Release;
		};
		F2EF709529E05940003B5995 /* Build configuration list for PBXNativeTarget "VoioUITests" */ = {
			isa = XCConfigurationList;
			buildConfigurations = (
				F2EF709629E05940003B5995 /* Debug */,
				F2EF709729E05940003B5995 /* Release */,
			);
			defaultConfigurationIsVisible = 0;
			defaultConfigurationName = Release;
		};
/* End XCConfigurationList section */

/* Begin XCRemoteSwiftPackageReference section */
		F2AE956829E1DA6000C1636D /* XCRemoteSwiftPackageReference "lottie-ios" */ = {
			isa = XCRemoteSwiftPackageReference;
			repositoryURL = "https://github.com/airbnb/lottie-ios";
			requirement = {
				kind = upToNextMinorVersion;
				minimumVersion = 4.1.0;
			};
		};
		F2EF709A29E05F1D003B5995 /* XCRemoteSwiftPackageReference "firebase-ios-sdk" */ = {
			isa = XCRemoteSwiftPackageReference;
			repositoryURL = "https://github.com/firebase/firebase-ios-sdk.git";
			requirement = {
				kind = upToNextMajorVersion;
				minimumVersion = 9.0.0;
			};
		};
/* End XCRemoteSwiftPackageReference section */

/* Begin XCSwiftPackageProductDependency section */
		F2AE956929E1DA6100C1636D /* Lottie */ = {
			isa = XCSwiftPackageProductDependency;
			package = F2AE956829E1DA6000C1636D /* XCRemoteSwiftPackageReference "lottie-ios" */;
			productName = Lottie;
		};
		F2EF709B29E05F1D003B5995 /* FirebaseAuth */ = {
			isa = XCSwiftPackageProductDependency;
			package = F2EF709A29E05F1D003B5995 /* XCRemoteSwiftPackageReference "firebase-ios-sdk" */;
			productName = FirebaseAuth;
		};
/* End XCSwiftPackageProductDependency section */
	};
	rootObject = F2EF705D29E0593E003B5995 /* Project object */;
}
